<?xml version="1.0" encoding="utf-8"?>
<Project ToolsVersion="4.0" xmlns="http://schemas.microsoft.com/developer/msbuild/2003">
  <ItemGroup>
    <Filter Include="Source Files">
      <UniqueIdentifier>{4FC737F1-C7A5-4376-A066-2A32D752A2FF}</UniqueIdentifier>
      <Extensions>cpp;c;cc;cxx;def;odl;idl;hpj;bat;asm;asmx</Extensions>
    </Filter>
    <Filter Include="Header Files">
      <UniqueIdentifier>{93995380-89BD-4b04-88EB-625FBE52EBFB}</UniqueIdentifier>
      <Extensions>h;hh;hpp;hxx;hm;inl;inc;xsd</Extensions>
    </Filter>
    <Filter Include="Resource Files">
      <UniqueIdentifier>{67DA6AB6-F800-4c08-8B7A-83BB121AAD01}</UniqueIdentifier>
      <Extensions>rc;ico;cur;bmp;dlg;rc2;rct;bin;rgs;gif;jpg;jpeg;jpe;resx;tiff;tif;png;wav;mfcribbon-ms</Extensions>
    </Filter>
    <Filter Include="Assets">
      <UniqueIdentifier>{07ade5c8-d13e-4e1a-95f6-41258502b4bf}</UniqueIdentifier>
    </Filter>
  </ItemGroup>
  <ItemGroup>
    <ClCompile Include="Game.cpp">
      <Filter>Source Files</Filter>
    </ClCompile>
    <ClCompile Include="GameStates\StateEnd.cpp">
      <Filter>Source Files</Filter>
    </ClCompile>
    <ClCompile Include="GameStates\StateIntro.cpp">
      <Filter>Source Files</Filter>
    </ClCompile>
    <ClCompile Include="GameStates\StatePause.cpp">
      <Filter>Source Files</Filter>
    </ClCompile>
    <ClCompile Include="GameObjects\Alien.cpp">
      <Filter>Source Files</Filter>
    </ClCompile>
    <ClCompile Include="GameObjects\AlienController.cpp">
      <Filter>Source Files</Filter>
    </ClCompile>
    <ClCompile Include="GameObjects\Bomb.cpp">
      <Filter>Source Files</Filter>
    </ClCompile>
    <ClCompile Include="GameObjects\Missile.cpp">
      <Filter>Source Files</Filter>
    </ClCompile>
    <ClCompile Include="GameObjects\Player.cpp">
      <Filter>Source Files</Filter>
    </ClCompile>
    <ClCompile Include="GameObjects\ScoreSprite.cpp">
      <Filter>Source Files</Filter>
    </ClCompile>
    <ClCompile Include="GameObjects\TextSprite.cpp">
      <Filter>Source Files</Filter>
    </ClCompile>
    <ClCompile Include="GameStates\StateMain.cpp">
      <Filter>Source Files</Filter>
    </ClCompile>
  </ItemGroup>
  <ItemGroup>
    <ClInclude Include="GameStates\StateEnd.h">
      <Filter>Header Files</Filter>
    </ClInclude>
    <ClInclude Include="GameStates\StateIntro.h">
      <Filter>Header Files</Filter>
    </ClInclude>
    <ClInclude Include="GameStates\StateMain.h">
      <Filter>Header Files</Filter>
    </ClInclude>
    <ClInclude Include="GameStates\StatePause.h">
      <Filter>Header Files</Filter>
    </ClInclude>
    <ClInclude Include="GameObjects\Alien.h">
      <Filter>Header Files</Filter>
    </ClInclude>
    <ClInclude Include="GameObjects\AlienController.h">
      <Filter>Header Files</Filter>
    </ClInclude>
    <ClInclude Include="GameObjects\Bomb.h">
      <Filter>Header Files</Filter>
    </ClInclude>
    <ClInclude Include="GameObjects\Missile.h">
      <Filter>Header Files</Filter>
    </ClInclude>
    <ClInclude Include="GameObjects\Player.h">
      <Filter>Header Files</Filter>
    </ClInclude>
    <ClInclude Include="GameObjects\ScoreSprite.h">
      <Filter>Header Files</Filter>
    </ClInclude>
    <ClInclude Include="GameObjects\TextSprite.h">
      <Filter>Header Files</Filter>
    </ClInclude>
  </ItemGroup>
  <ItemGroup>
    <Image Include="Assets\tank3.png">
      <Filter>Resource Files</Filter>
    </Image>
    <Image Include="Assets\ufo2.png">
      <Filter>Resource Files</Filter>
    </Image>
    <Image Include="Assets\redLaserRay.png">
      <Filter>Resource Files</Filter>
    </Image>
    <Image Include="Assets\explosion3.png">
      <Filter>Resource Files</Filter>
    </Image>
    <Image Include="Assets\bullet.png">
      <Filter>Resource Files</Filter>
    </Image>
    <Image Include="Assets\bg3.jpg">
      <Filter>Resource Files</Filter>
    </Image>
    <Image Include="Assets\intro.png">
      <Filter>Resource Files</Filter>
    </Image>
    <Image Include="Assets\main.png">
      <Filter>Resource Files</Filter>
    </Image>
    <Image Include="Assets\pause.png">
      <Filter>Resource Files</Filter>
    </Image>
    <Image Include="Assets\end.png">
      <Filter>Resource Files</Filter>
    </Image>
    <Image Include="AssetsOld\usagitsukino.png">
      <Filter>Resource Files</Filter>
    </Image>
    <Image Include="AssetsOld\ufo.png">
      <Filter>Resource Files</Filter>
    </Image>
    <Image Include="AssetsOld\ufo.gif">
      <Filter>Resource Files</Filter>
    </Image>
    <Image Include="AssetsOld\tank2.png">
      <Filter>Resource Files</Filter>
    </Image>
    <Image Include="AssetsOld\tank.png">
      <Filter>Resource Files</Filter>
    </Image>
    <Image Include="AssetsOld\Sparks2.png">
      <Filter>Resource Files</Filter>
    </Image>
    <Image Include="AssetsOld\Sparks1.png">
      <Filter>Resource Files</Filter>
    </Image>
    <Image Include="AssetsOld\skrapan.bmp">
      <Filter>Resource Files</Filter>
    </Image>
    <Image Include="AssetsOld\runningSprite.bmp">
      <Filter>Resource Files</Filter>
    </Image>
    <Image Include="AssetsOld\run.png">
      <Filter>Resource Files</Filter>
    </Image>
    <Image Include="AssetsOld\poteto.bmp">
      <Filter>Resource Files</Filter>
    </Image>
    <Image Include="AssetsOld\plane.jpg">
      <Filter>Resource Files</Filter>
    </Image>
    <Image Include="AssetsOld\plane.gif">
      <Filter>Resource Files</Filter>
    </Image>
    <Image Include="AssetsOld\Orion_Nebula.jpg">
      <Filter>Resource Files</Filter>
    </Image>
    <Image Include="AssetsOld\missile.png">
      <Filter>Resource Files</Filter>
    </Image>
    <Image Include="AssetsOld\megaman.bmp">
      <Filter>Resource Files</Filter>
    </Image>
    <Image Include="AssetsOld\giridao.png">
      <Filter>Resource Files</Filter>
    </Image>
    <Image Include="AssetsOld\explosion2.png">
      <Filter>Resource Files</Filter>
    </Image>
    <Image Include="AssetsOld\Explosion.png">
      <Filter>Resource Files</Filter>
    </Image>
    <Image Include="AssetsOld\dude.png">
      <Filter>Resource Files</Filter>
    </Image>
    <Image Include="AssetsOld\dude.bmp">
      <Filter>Resource Files</Filter>
    </Image>
    <Image Include="AssetsOld\bomb.png">
      <Filter>Resource Files</Filter>
    </Image>
    <Image Include="AssetsOld\bgww2.jpg">
      <Filter>Resource Files</Filter>
    </Image>
    <Image Include="AssetsOld\bg2.jpg">
      <Filter>Resource Files</Filter>
    </Image>
    <Image Include="AssetsOld\bg.jpg">
      <Filter>Resource Files</Filter>
    </Image>
    <Image Include="AssetsOld\animate.bmp">
      <Filter>Resource Files</Filter>
    </Image>
    <Image Include="AssetsOld\alien2.png">
      <Filter>Resource Files</Filter>
    </Image>
    <Image Include="AssetsOld\alien2.jpg">
      <Filter>Resource Files</Filter>
    </Image>
    <Image Include="AssetsOld\alien.png">
      <Filter>Resource Files</Filter>
    </Image>
    <Image Include="AssetsOld\alien.jpg">
      <Filter>Resource Files</Filter>
    </Image>
    <Image Include="AssetsOld\alien copy.png">
      <Filter>Resource Files</Filter>
    </Image>
    <Image Include="AssetsOld\35957.gif">
      <Filter>Resource Files</Filter>
    </Image>
  </ItemGroup>
  <ItemGroup>
    <Font Include="Assets\comic.ttf">
      <Filter>Resource Files</Filter>
    </Font>
    <Font Include="AssetsOld\cour.ttf">
      <Filter>Resource Files</Filter>
    </Font>
    <Font Include="AssetsOld\comicbd.ttf">
      <Filter>Resource Files</Filter>
    </Font>
  </ItemGroup>
  <ItemGroup>
    <None Include="AssetsOld\tank.xcf">
      <Filter>Resource Files</Filter>
    </None>
    <None Include="AssetsOld\35957.xcf">
      <Filter>Resource Files</Filter>
    </None>
  </ItemGroup>
</Project>