<?xml version="1.0" encoding="utf-8"?>
<Project ToolsVersion="4.0" xmlns="http://schemas.microsoft.com/developer/msbuild/2003">
  <ItemGroup>
    <Filter Include="Source Files">
      <UniqueIdentifier>{4FC737F1-C7A5-4376-A066-2A32D752A2FF}</UniqueIdentifier>
      <Extensions>cpp;c;cc;cxx;def;odl;idl;hpj;bat;asm;asmx</Extensions>
    </Filter>
    <Filter Include="Header Files">
      <UniqueIdentifier>{93995380-89BD-4b04-88EB-625FBE52EBFB}</UniqueIdentifier>
      <Extensions>h;hh;hpp;hxx;hm;inl;inc;xsd</Extensions>
    </Filter>
    <Filter Include="Resource Files">
      <UniqueIdentifier>{67DA6AB6-F800-4c08-8B7A-83BB121AAD01}</UniqueIdentifier>
      <Extensions>rc;ico;cur;bmp;dlg;rc2;rct;bin;rgs;gif;jpg;jpeg;jpe;resx;tiff;tif;png;wav;mfcribbon-ms</Extensions>
    </Filter>
    <Filter Include="Assets">
      <UniqueIdentifier>{07ade5c8-d13e-4e1a-95f6-41258502b4bf}</UniqueIdentifier>
    </Filter>
  </ItemGroup>
  <ItemGroup>
    <ClCompile Include="Game.cpp">
      <Filter>Source Files</Filter>
    </ClCompile>
    <ClCompile Include="Player.cpp">
      <Filter>Source Files</Filter>
    </ClCompile>
    <ClCompile Include="Alien.cpp">
      <Filter>Source Files</Filter>
    </ClCompile>
    <ClCompile Include="StateIntro.cpp">
      <Filter>Source Files</Filter>
    </ClCompile>
    <ClCompile Include="StateMain.cpp">
      <Filter>Source Files</Filter>
    </ClCompile>
    <ClCompile Include="StatePause.cpp">
      <Filter>Source Files</Filter>
    </ClCompile>
    <ClCompile Include="StateEnd.cpp">
      <Filter>Source Files</Filter>
    </ClCompile>
    <ClCompile Include="Missile.cpp">
      <Filter>Source Files</Filter>
    </ClCompile>
    <ClCompile Include="AlienController.cpp">
      <Filter>Source Files</Filter>
    </ClCompile>
    <ClCompile Include="Bomb.cpp">
      <Filter>Source Files</Filter>
    </ClCompile>
  </ItemGroup>
  <ItemGroup>
    <ClInclude Include="Player.h">
      <Filter>Header Files</Filter>
    </ClInclude>
    <ClInclude Include="Alien.h">
      <Filter>Header Files</Filter>
    </ClInclude>
    <ClInclude Include="StatePause.h">
      <Filter>Header Files</Filter>
    </ClInclude>
    <ClInclude Include="StateMain.h">
      <Filter>Header Files</Filter>
    </ClInclude>
    <ClInclude Include="StateIntro.h">
      <Filter>Header Files</Filter>
    </ClInclude>
    <ClInclude Include="StateEnd.h">
      <Filter>Header Files</Filter>
    </ClInclude>
    <ClInclude Include="Missile.h">
      <Filter>Header Files</Filter>
    </ClInclude>
    <ClInclude Include="AlienController.h">
      <Filter>Header Files</Filter>
    </ClInclude>
    <ClInclude Include="Bomb.h">
      <Filter>Header Files</Filter>
    </ClInclude>
  </ItemGroup>
  <ItemGroup>
    <Image Include="Assets\dude.png">
      <Filter>Assets</Filter>
    </Image>
    <Image Include="Assets\intro.png">
      <Filter>Assets</Filter>
    </Image>
    <Image Include="Assets\main.png">
      <Filter>Assets</Filter>
    </Image>
    <Image Include="Assets\megaman.bmp">
      <Filter>Assets</Filter>
    </Image>
    <Image Include="Assets\missile.png">
      <Filter>Assets</Filter>
    </Image>
    <Image Include="Assets\pause.png">
      <Filter>Assets</Filter>
    </Image>
    <Image Include="Assets\poteto.bmp">
      <Filter>Assets</Filter>
    </Image>
    <Image Include="Assets\runningSprite.bmp">
      <Filter>Assets</Filter>
    </Image>
    <Image Include="Assets\skrapan.bmp">
      <Filter>Assets</Filter>
    </Image>
    <Image Include="Assets\animate.bmp">
      <Filter>Assets</Filter>
    </Image>
    <Image Include="Assets\bomb.png">
      <Filter>Assets</Filter>
    </Image>
    <Image Include="Assets\dude.bmp">
      <Filter>Assets</Filter>
    </Image>
    <Image Include="Assets\alien.jpg">
      <Filter>Assets</Filter>
    </Image>
  </ItemGroup>
  <ItemGroup>
    <Font Include="Assets\cour.ttf">
      <Filter>Assets</Filter>
    </Font>
  </ItemGroup>
</Project>